<?xml version="1.0" encoding="utf-8"?>
<Project ToolsVersion="4.0" xmlns="http://schemas.microsoft.com/developer/msbuild/2003">
  <ItemGroup>
    <Filter Include="core">
      <Extensions>cpp;c;cc;cxx;def;odl;idl;hpj;bat;asm;asmx;h;hpp;hxx;hm;inl;inc;xsd</Extensions>
    </Filter>
    <Filter Include="glut">
      <Extensions>cpp;c;cc;cxx;def;odl;idl;hpj;bat;asm;asmx;h;hpp;hxx;hm;inl;inc;xsd</Extensions>
    </Filter>
    <Filter Include="graphics">
      <Extensions>cpp;c;cc;cxx;def;odl;idl;hpj;bat;asm;asmx;h;hpp;hxx;hm;inl;inc;xsd</Extensions>
    </Filter>
    <Filter Include="input">
      <Extensions>cpp;c;cc;cxx;def;odl;idl;hpj;bat;asm;asmx;h;hpp;hxx;hm;inl;inc;xsd</Extensions>
    </Filter>
    <Filter Include="layer">
      <Extensions>cpp;c;cc;cxx;def;odl;idl;hpj;bat;asm;asmx;h;hpp;hxx;hm;inl;inc;xsd</Extensions>
    </Filter>
    <Filter Include="physics">
      <Extensions>cpp;c;cc;cxx;def;odl;idl;hpj;bat;asm;asmx;h;hpp;hxx;hm;inl;inc;xsd</Extensions>
    </Filter>
    <Filter Include="utils">
      <Extensions>cpp;c;cc;cxx;def;odl;idl;hpj;bat;asm;asmx;h;hpp;hxx;hm;inl;inc;xsd</Extensions>
    </Filter>
    <Filter Include="graphics\shapes">
      <Extensions>cpp;c;cc;cxx;def;odl;idl;hpj;bat;asm;asmx;h;hpp;hxx;hm;inl;inc;xsd</Extensions>
    </Filter>
  </ItemGroup>
  <ItemGroup>
    <ClInclude Include="..\phantom\src\core\Camera.h">
      <Filter>core</Filter>
    </ClInclude>
    <ClCompile Include="..\phantom\src\core\Composite.cpp">
      <Filter>core</Filter>
    </ClCompile>
    <ClInclude Include="..\phantom\src\core\Composite.h">
      <Filter>core</Filter>
    </ClInclude>
    <ClInclude Include="..\phantom\src\core\Driver.h">
      <Filter>core</Filter>
    </ClInclude>
    <ClCompile Include="..\phantom\src\core\Entity.cpp">
      <Filter>core</Filter>
    </ClCompile>
    <ClInclude Include="..\phantom\src\core\Entity.h">
      <Filter>core</Filter>
    </ClInclude>
    <ClCompile Include="..\phantom\src\core\GameState.cpp">
      <Filter>core</Filter>
    </ClCompile>
    <ClInclude Include="..\phantom\src\core\GameState.h">
      <Filter>core</Filter>
    </ClInclude>
    <ClCompile Include="..\phantom\src\core\PhantomGame.cpp">
      <Filter>core</Filter>
    </ClCompile>
    <ClInclude Include="..\phantom\src\core\PhantomGame.h">
      <Filter>core</Filter>
    </ClInclude>
    <ClInclude Include="..\phantom\src\core\Renderer.h">
      <Filter>core</Filter>
    </ClInclude>
    <ClCompile Include="..\phantom\src\glut\GLUTCamera.cpp">
      <Filter>glut</Filter>
    </ClCompile>
    <ClInclude Include="..\phantom\src\glut\GLUTCamera.h">
      <Filter>glut</Filter>
    </ClInclude>
    <ClCompile Include="..\phantom\src\glut\GLUTDriver.cpp">
      <Filter>glut</Filter>
    </ClCompile>
    <ClInclude Include="..\phantom\src\glut\GLUTDriver.h">
      <Filter>glut</Filter>
    </ClInclude>
    <ClCompile Include="..\phantom\src\glut\GLUTInput.cpp">
      <Filter>glut</Filter>
    </ClCompile>
    <ClInclude Include="..\phantom\src\glut\GLUTInput.h">
      <Filter>glut</Filter>
    </ClInclude>
    <ClCompile Include="..\phantom\src\glut\GLUTRenderer.cpp">
      <Filter>glut</Filter>
    </ClCompile>
    <ClInclude Include="..\phantom\src\glut\GLUTRenderer.h">
      <Filter>glut</Filter>
    </ClInclude>
    <ClInclude Include="..\phantom\src\graphics\Color.h">
      <Filter>graphics</Filter>
    </ClInclude>
    <ClCompile Include="..\phantom\src\graphics\Graphics.cpp">
      <Filter>graphics</Filter>
    </ClCompile>
    <ClInclude Include="..\phantom\src\graphics\Graphics.h">
      <Filter>graphics</Filter>
    </ClInclude>
    <ClCompile Include="..\phantom\src\graphics\ImageCache.cpp">
      <Filter>graphics</Filter>
    </ClCompile>
    <ClInclude Include="..\phantom\src\graphics\ImageCache.h">
      <Filter>graphics</Filter>
    </ClInclude>
    <ClCompile Include="..\phantom\src\graphics\ImageLoader.cpp">
      <Filter>graphics</Filter>
    </ClCompile>
    <ClInclude Include="..\phantom\src\graphics\ImageLoader.h">
      <Filter>graphics</Filter>
    </ClInclude>
    <ClInclude Include="..\phantom\src\graphics\VerticeData.h">
      <Filter>graphics</Filter>
    </ClInclude>
    <ClCompile Include="..\phantom\src\graphics\shapes\Arc.cpp">
      <Filter>graphics\shapes</Filter>
    </ClCompile>
    <ClInclude Include="..\phantom\src\graphics\shapes\Arc.h">
      <Filter>graphics\shapes</Filter>
    </ClInclude>
    <ClCompile Include="..\phantom\src\graphics\shapes\Image.cpp">
      <Filter>graphics\shapes</Filter>
    </ClCompile>
    <ClInclude Include="..\phantom\src\graphics\shapes\Image.h">
      <Filter>graphics\shapes</Filter>
    </ClInclude>
    <ClCompile Include="..\phantom\src\graphics\shapes\Line.cpp">
      <Filter>graphics\shapes</Filter>
    </ClCompile>
    <ClInclude Include="..\phantom\src\graphics\shapes\Line.h">
      <Filter>graphics\shapes</Filter>
    </ClInclude>
    <ClCompile Include="..\phantom\src\graphics\shapes\Polygon.cpp">
      <Filter>graphics\shapes</Filter>
    </ClCompile>
    <ClInclude Include="..\phantom\src\graphics\shapes\Polygon.h">
      <Filter>graphics\shapes</Filter>
    </ClInclude>
    <ClCompile Include="..\phantom\src\graphics\shapes\Rectangle.cpp">
      <Filter>graphics\shapes</Filter>
    </ClCompile>
    <ClInclude Include="..\phantom\src\graphics\shapes\Rectangle.h">
      <Filter>graphics\shapes</Filter>
    </ClInclude>
    <ClCompile Include="..\phantom\src\graphics\shapes\Shape.cpp">
      <Filter>graphics\shapes</Filter>
    </ClCompile>
    <ClInclude Include="..\phantom\src\graphics\shapes\Shape.h">
      <Filter>graphics\shapes</Filter>
    </ClInclude>
    <ClCompile Include="..\phantom\src\graphics\shapes\Text.cpp">
      <Filter>graphics\shapes</Filter>
    </ClCompile>
    <ClInclude Include="..\phantom\src\graphics\shapes\Text.h">
      <Filter>graphics\shapes</Filter>
    </ClInclude>
    <ClInclude Include="..\phantom\src\input\Input.h">
      <Filter>input</Filter>
    </ClInclude>
    <ClInclude Include="..\phantom\src\input\KeyboardState.h">
      <Filter>input</Filter>
    </ClInclude>
    <ClInclude Include="..\phantom\src\input\MouseState.h">
      <Filter>input</Filter>
    </ClInclude>
    <ClCompile Include="..\phantom\src\layer\EntityLayer.cpp">
      <Filter>layer</Filter>
    </ClCompile>
    <ClInclude Include="..\phantom\src\layer\EntityLayer.h">
      <Filter>layer</Filter>
    </ClInclude>
    <ClCompile Include="..\phantom\src\layer\Layer.cpp">
      <Filter>layer</Filter>
    </ClCompile>
    <ClInclude Include="..\phantom\src\layer\Layer.h">
      <Filter>layer</Filter>
    </ClInclude>
    <ClCompile Include="..\phantom\src\physics\Box3.cpp">
      <Filter>physics</Filter>
    </ClCompile>
    <ClInclude Include="..\phantom\src\physics\Box3.h">
      <Filter>physics</Filter>
    </ClInclude>
    <ClCompile Include="..\phantom\src\physics\Mover.cpp">
      <Filter>physics</Filter>
    </ClCompile>
    <ClInclude Include="..\phantom\src\physics\Mover.h">
      <Filter>physics</Filter>
    </ClInclude>
    <ClCompile Include="..\phantom\src\physics\Vector3.cpp">
      <Filter>physics</Filter>
    </ClCompile>
    <ClInclude Include="..\phantom\src\physics\Vector3.h">
      <Filter>physics</Filter>
    </ClInclude>
    <ClCompile Include="..\phantom\src\utils\PhantomException.cpp">
      <Filter>utils</Filter>
    </ClCompile>
    <ClInclude Include="..\phantom\src\utils\PhantomException.h">
      <Filter>utils</Filter>
    </ClInclude>
    <ClInclude Include="..\phantom\src\utils\util.h">
      <Filter>utils</Filter>
    </ClInclude>
    <ClInclude Include="..\phantom\src\CompileConfig.h" />
    <ClInclude Include="..\phantom\src\phantom.h" />
  </ItemGroup>
</Project>
